GEM
  remote: https://rubygems.org/
  specs:
    forwardable (1.4.0)
    js (2.7.0)
    logger (1.6.4)
    prime (0.1.4)
      forwardable
      singleton
    rbs (3.8.0)
      logger
    ruby_wasm (2.8.1)
      logger
    ruby_wasm (2.8.1-x86_64-linux)
      logger
    singleton (0.3.0)
    typeprof (0.30.1)
      rbs (>= 3.6.0)

PLATFORMS
  ruby
  x86_64-linux

DEPENDENCIES
  js
  prime
  rbs
  ruby_wasm (~> 2.8.1)
  typeprof

BUNDLED WITH
  4.0.3
