GEM
  remote: https://rubygems.org/
  specs:
    forwardable (1.4.0)
    js (2.8.1)
    logger (1.7.0)
    prime (0.1.4)
      forwardable
      singleton
    prism (1.9.0)
    rbs (3.10.3)
      logger
      tsort
    singleton (0.3.0)
    tsort (0.2.0)
    typeprof (0.31.1)
      prism (>= 1.4.0)
      rbs (>= 3.6.0)

PLATFORMS
  ruby
  x86_64-linux

DEPENDENCIES
  js
  prime
  rbs
  typeprof

CHECKSUMS
  forwardable (1.4.0) sha256=f1cd40cc9812937980e1c76f1aa053660990a7c9b6a98fc37d945468afcce838
  js (2.8.1) sha256=d323712badd700346c6fc1e4f053d48c4ed68a51b6aa259455a80effd7bc4338
  logger (1.7.0) sha256=196edec7cc44b66cfb40f9755ce11b392f21f7967696af15d274dde7edff0203
  prime (0.1.4) sha256=4d755ebf7c2994a6f3a3fee0d072063be3fff2d4042ebff6cd5eebd4747a225e
  prism (1.9.0) sha256=7b530c6a9f92c24300014919c9dcbc055bf4cdf51ec30aed099b06cd6674ef85
  rbs (3.10.3) sha256=70627f3919016134d554e6c99195552ae3ef6020fe034c8e983facc9c192daa6
  singleton (0.3.0) sha256=83ea1bca5f4aa34d00305ab842a7862ea5a8a11c73d362cb52379d94e9615778
  tsort (0.2.0) sha256=9650a793f6859a43b6641671278f79cfead60ac714148aabe4e3f0060480089f
  typeprof (0.31.1) sha256=22fcc9c0ec52c642a88353b78a84464fd8a381e8f1bf865ba05be237b9fc5088

BUNDLED WITH
  4.0.3
